
Microsoft Visual Studio Solution File, Format Version 12.00
# Visual Studio Version 17
VisualStudioVersion = 17.5.33424.131
MinimumVisualStudioVersion = 10.0.40219.1
Project("{FAE04EC0-301F-11D3-BF4B-00C04F79EFBC}") = "Basic.WebApi", "Basic.WebApi\Basic.WebApi.csproj", "{964B6ADE-E498-4932-9FD5-2CCEEB0B42DD}"
EndProject
Project("{FAE04EC0-301F-11D3-BF4B-00C04F79EFBC}") = "Basic.Infrastructure", "Basic.Infrastructure\Basic.Infrastructure.csproj", "{FBD5E396-FABD-4649-A654-268C9C3C78D2}"
EndProject
Global
	GlobalSection(SolutionConfigurationPlatforms) = preSolution
		Debug|Any CPU = Debug|Any CPU
		Release|Any CPU = Release|Any CPU
	EndGlobalSection
	GlobalSection(ProjectConfigurationPlatforms) = postSolution
		{964B6ADE-E498-4932-9FD5-2CCEEB0B42DD}.Debug|Any CPU.ActiveCfg = Debug|Any CPU
		{964B6ADE-E498-4932-9FD5-2CCEEB0B42DD}.Debug|Any CPU.Build.0 = Debug|Any CPU
		{964B6ADE-E498-4932-9FD5-2CCEEB0B42DD}.Release|Any CPU.ActiveCfg = Release|Any CPU
		{964B6ADE-E498-4932-9FD5-2CCEEB0B42DD}.Release|Any CPU.Build.0 = Release|Any CPU
		{FBD5E396-FABD-4649-A654-268C9C3C78D2}.Debug|Any CPU.ActiveCfg = Debug|Any CPU
		{FBD5E396-FABD-4649-A654-268C9C3C78D2}.Debug|Any CPU.Build.0 = Debug|Any CPU
		{FBD5E396-FABD-4649-A654-268C9C3C78D2}.Release|Any CPU.ActiveCfg = Release|Any CPU
		{FBD5E396-FABD-4649-A654-268C9C3C78D2}.Release|Any CPU.Build.0 = Release|Any CPU
	EndGlobalSection
	GlobalSection(SolutionProperties) = preSolution
		HideSolutionNode = FALSE
	EndGlobalSection
	GlobalSection(ExtensibilityGlobals) = postSolution
		SolutionGuid = {B2D0FD54-94BB-432C-A5CE-598BF826A90E}
	EndGlobalSection
EndGlobal
